
Microsoft Visual Studio Solution File, Format Version 12.00
# Visual Studio Version 16
VisualStudioVersion = 16.0.32106.194
MinimumVisualStudioVersion = 10.0.40219.1
Project("{FAE04EC0-301F-11D3-BF4B-00C04F79EFBC}") = "Produtos", "Produtos\Produtos.csproj", "{99C99042-E385-432A-882F-BFFCA7C4337E}"
EndProject
Global
	GlobalSection(SolutionConfigurationPlatforms) = preSolution
		Debug|Any CPU = Debug|Any CPU
		Release|Any CPU = Release|Any CPU
	EndGlobalSection
	GlobalSection(ProjectConfigurationPlatforms) = postSolution
		{99C99042-E385-432A-882F-BFFCA7C4337E}.Debug|Any CPU.ActiveCfg = Debug|Any CPU
		{99C99042-E385-432A-882F-BFFCA7C4337E}.Debug|Any CPU.Build.0 = Debug|Any CPU
		{99C99042-E385-432A-882F-BFFCA7C4337E}.Release|Any CPU.ActiveCfg = Release|Any CPU
		{99C99042-E385-432A-882F-BFFCA7C4337E}.Release|Any CPU.Build.0 = Release|Any CPU
	EndGlobalSection
	GlobalSection(SolutionProperties) = preSolution
		HideSolutionNode = FALSE
	EndGlobalSection
	GlobalSection(ExtensibilityGlobals) = postSolution
		SolutionGuid = {75454248-9570-4F16-97C7-BBAF2ADD8D15}
	EndGlobalSection
EndGlobal
